
Microsoft Visual Studio Solution File, Format Version 12.00
# Visual Studio Version 17
VisualStudioVersion = 17.5.33424.131
MinimumVisualStudioVersion = 10.0.40219.1
Project("{888888A0-9F3D-457C-B088-3A5042F75D52}") = "5ege", "5ege\5ege.pyproj", "{DD6088BF-FB38-4CA1-AF82-640394F7A781}"
EndProject
Global
	GlobalSection(SolutionConfigurationPlatforms) = preSolution
		Debug|Any CPU = Debug|Any CPU
		Release|Any CPU = Release|Any CPU
	EndGlobalSection
	GlobalSection(ProjectConfigurationPlatforms) = postSolution
		{DD6088BF-FB38-4CA1-AF82-640394F7A781}.Debug|Any CPU.ActiveCfg = Debug|Any CPU
		{DD6088BF-FB38-4CA1-AF82-640394F7A781}.Release|Any CPU.ActiveCfg = Release|Any CPU
	EndGlobalSection
	GlobalSection(SolutionProperties) = preSolution
		HideSolutionNode = FALSE
	EndGlobalSection
	GlobalSection(ExtensibilityGlobals) = postSolution
		SolutionGuid = {FC619071-E642-4FBC-B9AC-8C8A236A49CB}
	EndGlobalSection
EndGlobal
